{
  "version": 4,
  "terraform_version": "1.6.0",
  "serial": 155,
  "lineage": "31fadf5a-bd70-92d9-5007-024098f2b927",
  "outputs": {
    "public_ip_address": {
      "value": "vm-sndbx-mm-centralindia: 20.244.127.52",
      "type": "string"
    }
  },
  "resources": [
    {
      "mode": "data",
      "type": "azurerm_public_ip",
      "name": "ip-data-mm-centralindia",
      "provider": "provider[\"registry.terraform.io/hashicorp/azurerm\"]",
      "instances": [
        {
          "schema_version": 0,
          "attributes": {
            "allocation_method": "Dynamic",
            "domain_name_label": "",
            "fqdn": "",
            "id": "/subscriptions/7700f392-dcd5-4c02-9432-76a162f3c6d6/resourceGroups/rg-sndbx-mm-centralindia/providers/Microsoft.Network/publicIPAddresses/ip-sndbx-mm-centralindia",
            "idle_timeout_in_minutes": 4,
            "ip_address": "20.244.127.52",
            "ip_tags": {},
            "ip_version": "IPv4",
            "location": "centralindia",
            "name": "ip-sndbx-mm-centralindia",
            "resource_group_name": "rg-sndbx-mm-centralindia",
            "reverse_fqdn": "",
            "sku": "Basic",
            "tags": {
              "cleanup": "unknown",
              "environment": "hpsdev"
            },
            "timeouts": null,
            "zones": []
          },
          "sensitive_attributes": []
        }
      ]
    },
    {
      "mode": "managed",
      "type": "azurerm_linux_virtual_machine",
      "name": "vm-sndbx-mm-centralindia",
      "provider": "provider[\"registry.terraform.io/hashicorp/azurerm\"]",
      "instances": [
        {
          "schema_version": 0,
          "attributes": {
            "additional_capabilities": [],
            "admin_password": null,
            "admin_ssh_key": [
              {
                "public_key": "ssh-rsa AAAAB3NzaC1yc2EAAAADAQABAAABgQDRlY7j6A/lQMJhKEWMQo5Ytm1MSSpQp3TtHjQrYP0DDh5iOtexr3zRDiDyLzC69bXvac5TGd7jTy/yFe98Ed5h70puaIyV/vTcotdnfAAv9GXg7dHrwja/cZPTI2hPzLBuROfAJyslGKtxOtkexprLxpAlxZMqo/eG4+bcw1h9pPDs7LGHvHpV4OX/uFGRXN63vYZDbX3lnRSsoAmezCXzUyDmRoZ/vPYAWu/F5KzI5L0o5j6bip0Bq8zZciIaBYbUq8vZxxmcPOlglAZBBzsyjEtSPtVgd4uhVy0OEAZOcFYlIBqS8hPpEfgqVkrxgxj2OT9aqedemsLGqwIUK2O6LqpqXk4VgWlDdkXBeGTaN+U9rMSgdWxIjHu5Bos0rEFTQ/qoiBYoNCXXzL2wYeaVYLNUOfA4RpBxR26gHnakLcCP8AccVAB8N6KE9F0RWMI/0s0p3fGUC3G5Y38QxUG8YJS+r+36ZUn60dIfJw/AjMvpug3Weql8soHqGDNfYik= rackspace\\hars3840@AAD-5CWC9K3\r\n",
                "username": "hpsq"
              }
            ],
            "admin_username": "hpsq",
            "allow_extension_operations": true,
            "availability_set_id": "",
            "boot_diagnostics": [],
            "computer_name": "vm-sndbx-mm-centralindia",
            "custom_data": "IyEvYmluL2Jhc2gNCnN1ZG8gYXB0LWdldCB1cGRhdGUgLXkgJiYNCnN1ZG8gYXB0LWdldCBpbnN0YWxsIC15IFwNCmFwdC10cmFuc3BvcnQtaHR0cHMgXA0KY2EtY2VydGlmaWNhdGVzIFwNCmN1cmwgXA0KZ251cGctYWdlbnQgXA0Kc29mdHdhcmUtcHJvcGVydGllcy1jb21tb24gJiYNCmN1cmwgLWZzU0wgaHR0cHM6Ly9kb3dubG9hZC5kb2NrZXIuY29tL2xpbnV4L3VidW50dS9ncGcgfCBzdWRvIGFwdC1rZXkgYWRkIC0gJiYNCnN1ZG8gYWRkLWFwdC1yZXBvc2l0b3J5ICJkZWIgW2FyY2g9YW1kNjRdIGh0dHBzOi8vZG93bmxvYWQuZG9ja2VyLmNvbS9saW51eC91YnVudHUgJChsc2JfcmVsZWFzZSAtY3MpIHN0YWJsZSIgJiYNCnN1ZG8gYXB0LWdldCB1cGRhdGUgLXkgJiYNCnN1ZG8gc3VkbyBhcHQtZ2V0IGluc3RhbGwgZG9ja2VyLWNlIGRvY2tlci1jZS1jbGkgY29udGFpbmVyZC5pbyAteSAmJg0Kc3VkbyB1c2VybW9kIC1hRyBkb2NrZXIgdWJ1bnR1",
            "dedicated_host_group_id": "",
            "dedicated_host_id": "",
            "disable_password_authentication": true,
            "edge_zone": "",
            "encryption_at_host_enabled": false,
            "eviction_policy": "",
            "extensions_time_budget": "PT1H30M",
            "id": "/subscriptions/7700f392-dcd5-4c02-9432-76a162f3c6d6/resourceGroups/rg-sndbx-mm-centralindia/providers/Microsoft.Compute/virtualMachines/vm-sndbx-mm-centralindia",
            "identity": [],
            "license_type": "",
            "location": "centralindia",
            "max_bid_price": -1,
            "name": "vm-sndbx-mm-centralindia",
            "network_interface_ids": [
              "/subscriptions/7700f392-dcd5-4c02-9432-76a162f3c6d6/resourceGroups/rg-sndbx-mm-centralindia/providers/Microsoft.Network/networkInterfaces/nic-sndbx-mm-centralindia"
            ],
            "os_disk": [
              {
                "caching": "ReadWrite",
                "diff_disk_settings": [],
                "disk_encryption_set_id": "",
                "disk_size_gb": 30,
                "name": "vm-sndbx-mm-centralindia_OsDisk_1_bb13e3e16fcf42d2a16d807eaefa7d7e",
                "storage_account_type": "Standard_LRS",
                "write_accelerator_enabled": false
              }
            ],
            "patch_mode": "ImageDefault",
            "plan": [],
            "platform_fault_domain": -1,
            "priority": "Regular",
            "private_ip_address": "10.123.1.4",
            "private_ip_addresses": [
              "10.123.1.4"
            ],
            "provision_vm_agent": true,
            "proximity_placement_group_id": "",
            "public_ip_address": "20.244.127.52",
            "public_ip_addresses": [
              "20.244.127.52"
            ],
            "resource_group_name": "rg-sndbx-mm-centralindia",
            "secret": [],
            "secure_boot_enabled": false,
            "size": "Standard_D2s_v3",
            "source_image_id": "",
            "source_image_reference": [
              {
                "offer": "0001-com-ubuntu-server-focal",
                "publisher": "Canonical",
                "sku": "20_04-lts-gen2",
                "version": "latest"
              }
            ],
            "tags": {
              "cleanup": "unknown"
            },
            "termination_notification": [],
            "timeouts": null,
            "user_data": "",
            "virtual_machine_id": "0c4959eb-160d-49ad-aa75-87c1b47d3cdc",
            "virtual_machine_scale_set_id": "",
            "vtpm_enabled": false,
            "zone": ""
          },
          "sensitive_attributes": [],
          "private": "eyJlMmJmYjczMC1lY2FhLTExZTYtOGY4OC0zNDM2M2JjN2M0YzAiOnsiY3JlYXRlIjoyNzAwMDAwMDAwMDAwLCJkZWxldGUiOjI3MDAwMDAwMDAwMDAsInJlYWQiOjMwMDAwMDAwMDAwMCwidXBkYXRlIjoyNzAwMDAwMDAwMDAwfX0=",
          "dependencies": [
            "azurerm_network_interface.nic-sndbx-mm-centralindia",
            "azurerm_public_ip.ip-sndbx-mm-centralindia",
            "azurerm_resource_group.rg-sndbx-mm-centralindia",
            "azurerm_subnet.subnet-sndbx-mm-centralindia",
            "azurerm_virtual_network.vn-sndbx-mm-centralindia"
          ]
        }
      ]
    },
    {
      "mode": "managed",
      "type": "azurerm_network_interface",
      "name": "nic-sndbx-mm-centralindia",
      "provider": "provider[\"registry.terraform.io/hashicorp/azurerm\"]",
      "instances": [
        {
          "schema_version": 0,
          "attributes": {
            "applied_dns_servers": [],
            "dns_servers": [],
            "edge_zone": "",
            "enable_accelerated_networking": false,
            "enable_ip_forwarding": false,
            "id": "/subscriptions/7700f392-dcd5-4c02-9432-76a162f3c6d6/resourceGroups/rg-sndbx-mm-centralindia/providers/Microsoft.Network/networkInterfaces/nic-sndbx-mm-centralindia",
            "internal_dns_name_label": "",
            "internal_domain_name_suffix": "vscdeggagq4ulamir3focvfvmb.rx.internal.cloudapp.net",
            "ip_configuration": [
              {
                "gateway_load_balancer_frontend_ip_configuration_id": "",
                "name": "internal",
                "primary": true,
                "private_ip_address": "10.123.1.4",
                "private_ip_address_allocation": "Dynamic",
                "private_ip_address_version": "IPv4",
                "public_ip_address_id": "/subscriptions/7700f392-dcd5-4c02-9432-76a162f3c6d6/resourceGroups/rg-sndbx-mm-centralindia/providers/Microsoft.Network/publicIPAddresses/ip-sndbx-mm-centralindia",
                "subnet_id": "/subscriptions/7700f392-dcd5-4c02-9432-76a162f3c6d6/resourceGroups/rg-sndbx-mm-centralindia/providers/Microsoft.Network/virtualNetworks/vn-sndbx-mm-centralindia/subnets/subnet-sndbx-mm-centralindia"
              }
            ],
            "location": "centralindia",
            "mac_address": "60-45-BD-C5-F0-50",
            "name": "nic-sndbx-mm-centralindia",
            "private_ip_address": "10.123.1.4",
            "private_ip_addresses": [
              "10.123.1.4"
            ],
            "resource_group_name": "rg-sndbx-mm-centralindia",
            "tags": {
              "enviornment": "hpsdev"
            },
            "timeouts": null,
            "virtual_machine_id": "/subscriptions/7700f392-dcd5-4c02-9432-76a162f3c6d6/resourceGroups/rg-sndbx-mm-centralindia/providers/Microsoft.Compute/virtualMachines/vm-sndbx-mm-centralindia"
          },
          "sensitive_attributes": [],
          "private": "eyJlMmJmYjczMC1lY2FhLTExZTYtOGY4OC0zNDM2M2JjN2M0YzAiOnsiY3JlYXRlIjoxODAwMDAwMDAwMDAwLCJkZWxldGUiOjE4MDAwMDAwMDAwMDAsInJlYWQiOjMwMDAwMDAwMDAwMCwidXBkYXRlIjoxODAwMDAwMDAwMDAwfX0=",
          "dependencies": [
            "azurerm_public_ip.ip-sndbx-mm-centralindia",
            "azurerm_resource_group.rg-sndbx-mm-centralindia",
            "azurerm_subnet.subnet-sndbx-mm-centralindia",
            "azurerm_virtual_network.vn-sndbx-mm-centralindia"
          ]
        }
      ]
    },
    {
      "mode": "managed",
      "type": "azurerm_network_security_group",
      "name": "nsg-sndbx-mm-centralindia",
      "provider": "provider[\"registry.terraform.io/hashicorp/azurerm\"]",
      "instances": [
        {
          "schema_version": 0,
          "attributes": {
            "id": "/subscriptions/7700f392-dcd5-4c02-9432-76a162f3c6d6/resourceGroups/rg-sndbx-mm-centralindia/providers/Microsoft.Network/networkSecurityGroups/nsg-sndbx-mm-centralindia",
            "location": "centralindia",
            "name": "nsg-sndbx-mm-centralindia",
            "resource_group_name": "rg-sndbx-mm-centralindia",
            "security_rule": [
              {
                "access": "Allow",
                "description": "",
                "destination_address_prefix": "*",
                "destination_address_prefixes": [],
                "destination_application_security_group_ids": [],
                "destination_port_range": "*",
                "destination_port_ranges": [],
                "direction": "Inbound",
                "name": "nsr-sndbx-mm-centralindia",
                "priority": 100,
                "protocol": "*",
                "source_address_prefix": "*",
                "source_address_prefixes": [],
                "source_application_security_group_ids": [],
                "source_port_range": "*",
                "source_port_ranges": []
              }
            ],
            "tags": {
              "cleanup": "unknown",
              "enviornment": "hpsdev"
            },
            "timeouts": null
          },
          "sensitive_attributes": [],
          "private": "eyJlMmJmYjczMC1lY2FhLTExZTYtOGY4OC0zNDM2M2JjN2M0YzAiOnsiY3JlYXRlIjoxODAwMDAwMDAwMDAwLCJkZWxldGUiOjE4MDAwMDAwMDAwMDAsInJlYWQiOjMwMDAwMDAwMDAwMCwidXBkYXRlIjoxODAwMDAwMDAwMDAwfX0=",
          "dependencies": [
            "azurerm_resource_group.rg-sndbx-mm-centralindia"
          ]
        }
      ]
    },
    {
      "mode": "managed",
      "type": "azurerm_network_security_rule",
      "name": "nsr-sndbx-mm-centralindia",
      "provider": "provider[\"registry.terraform.io/hashicorp/azurerm\"]",
      "instances": [
        {
          "schema_version": 0,
          "attributes": {
            "access": "Allow",
            "description": "",
            "destination_address_prefix": "*",
            "destination_address_prefixes": [],
            "destination_application_security_group_ids": [],
            "destination_port_range": "*",
            "destination_port_ranges": [],
            "direction": "Inbound",
            "id": "/subscriptions/7700f392-dcd5-4c02-9432-76a162f3c6d6/resourceGroups/rg-sndbx-mm-centralindia/providers/Microsoft.Network/networkSecurityGroups/nsg-sndbx-mm-centralindia/securityRules/nsr-sndbx-mm-centralindia",
            "name": "nsr-sndbx-mm-centralindia",
            "network_security_group_name": "nsg-sndbx-mm-centralindia",
            "priority": 100,
            "protocol": "*",
            "resource_group_name": "rg-sndbx-mm-centralindia",
            "source_address_prefix": "*",
            "source_address_prefixes": [],
            "source_application_security_group_ids": [],
            "source_port_range": "*",
            "source_port_ranges": [],
            "timeouts": null
          },
          "sensitive_attributes": [],
          "private": "eyJlMmJmYjczMC1lY2FhLTExZTYtOGY4OC0zNDM2M2JjN2M0YzAiOnsiY3JlYXRlIjoxODAwMDAwMDAwMDAwLCJkZWxldGUiOjE4MDAwMDAwMDAwMDAsInJlYWQiOjMwMDAwMDAwMDAwMCwidXBkYXRlIjoxODAwMDAwMDAwMDAwfX0=",
          "dependencies": [
            "azurerm_network_security_group.nsg-sndbx-mm-centralindia",
            "azurerm_resource_group.rg-sndbx-mm-centralindia"
          ]
        }
      ]
    },
    {
      "mode": "managed",
      "type": "azurerm_public_ip",
      "name": "ip-sndbx-mm-centralindia",
      "provider": "provider[\"registry.terraform.io/hashicorp/azurerm\"]",
      "instances": [
        {
          "schema_version": 0,
          "attributes": {
            "allocation_method": "Dynamic",
            "domain_name_label": null,
            "edge_zone": "",
            "fqdn": null,
            "id": "/subscriptions/7700f392-dcd5-4c02-9432-76a162f3c6d6/resourceGroups/rg-sndbx-mm-centralindia/providers/Microsoft.Network/publicIPAddresses/ip-sndbx-mm-centralindia",
            "idle_timeout_in_minutes": 4,
            "ip_address": "20.244.127.52",
            "ip_tags": {},
            "ip_version": "IPv4",
            "location": "centralindia",
            "name": "ip-sndbx-mm-centralindia",
            "public_ip_prefix_id": null,
            "resource_group_name": "rg-sndbx-mm-centralindia",
            "reverse_fqdn": null,
            "sku": "Basic",
            "sku_tier": "Regional",
            "tags": {
              "cleanup": "unknown",
              "environment": "hpsdev"
            },
            "timeouts": null,
            "zones": []
          },
          "sensitive_attributes": [],
          "private": "eyJlMmJmYjczMC1lY2FhLTExZTYtOGY4OC0zNDM2M2JjN2M0YzAiOnsiY3JlYXRlIjoxODAwMDAwMDAwMDAwLCJkZWxldGUiOjE4MDAwMDAwMDAwMDAsInJlYWQiOjMwMDAwMDAwMDAwMCwidXBkYXRlIjoxODAwMDAwMDAwMDAwfX0=",
          "dependencies": [
            "azurerm_resource_group.rg-sndbx-mm-centralindia"
          ]
        }
      ]
    },
    {
      "mode": "managed",
      "type": "azurerm_resource_group",
      "name": "rg-sndbx-mm-centralindia",
      "provider": "provider[\"registry.terraform.io/hashicorp/azurerm\"]",
      "instances": [
        {
          "schema_version": 0,
          "attributes": {
            "id": "/subscriptions/7700f392-dcd5-4c02-9432-76a162f3c6d6/resourceGroups/rg-sndbx-mm-centralindia",
            "location": "centralindia",
            "name": "rg-sndbx-mm-centralindia",
            "tags": {
              "enviornment": "hpsdev"
            },
            "timeouts": null
          },
          "sensitive_attributes": [],
          "private": "eyJlMmJmYjczMC1lY2FhLTExZTYtOGY4OC0zNDM2M2JjN2M0YzAiOnsiY3JlYXRlIjo1NDAwMDAwMDAwMDAwLCJkZWxldGUiOjU0MDAwMDAwMDAwMDAsInJlYWQiOjMwMDAwMDAwMDAwMCwidXBkYXRlIjo1NDAwMDAwMDAwMDAwfX0="
        }
      ]
    },
    {
      "mode": "managed",
      "type": "azurerm_subnet",
      "name": "subnet-sndbx-mm-centralindia",
      "provider": "provider[\"registry.terraform.io/hashicorp/azurerm\"]",
      "instances": [
        {
          "schema_version": 0,
          "attributes": {
            "address_prefixes": [
              "10.123.1.0/24"
            ],
            "delegation": [],
            "enforce_private_link_endpoint_network_policies": false,
            "enforce_private_link_service_network_policies": false,
            "id": "/subscriptions/7700f392-dcd5-4c02-9432-76a162f3c6d6/resourceGroups/rg-sndbx-mm-centralindia/providers/Microsoft.Network/virtualNetworks/vn-sndbx-mm-centralindia/subnets/subnet-sndbx-mm-centralindia",
            "name": "subnet-sndbx-mm-centralindia",
            "resource_group_name": "rg-sndbx-mm-centralindia",
            "service_endpoint_policy_ids": [],
            "service_endpoints": [],
            "timeouts": null,
            "virtual_network_name": "vn-sndbx-mm-centralindia"
          },
          "sensitive_attributes": [],
          "private": "eyJlMmJmYjczMC1lY2FhLTExZTYtOGY4OC0zNDM2M2JjN2M0YzAiOnsiY3JlYXRlIjoxODAwMDAwMDAwMDAwLCJkZWxldGUiOjE4MDAwMDAwMDAwMDAsInJlYWQiOjMwMDAwMDAwMDAwMCwidXBkYXRlIjoxODAwMDAwMDAwMDAwfX0=",
          "dependencies": [
            "azurerm_resource_group.rg-sndbx-mm-centralindia",
            "azurerm_virtual_network.vn-sndbx-mm-centralindia"
          ]
        }
      ]
    },
    {
      "mode": "managed",
      "type": "azurerm_subnet_network_security_group_association",
      "name": "sga-sndbx-mm-centralindia",
      "provider": "provider[\"registry.terraform.io/hashicorp/azurerm\"]",
      "instances": [
        {
          "schema_version": 0,
          "attributes": {
            "id": "/subscriptions/7700f392-dcd5-4c02-9432-76a162f3c6d6/resourceGroups/rg-sndbx-mm-centralindia/providers/Microsoft.Network/virtualNetworks/vn-sndbx-mm-centralindia/subnets/subnet-sndbx-mm-centralindia",
            "network_security_group_id": "/subscriptions/7700f392-dcd5-4c02-9432-76a162f3c6d6/resourceGroups/rg-sndbx-mm-centralindia/providers/Microsoft.Network/networkSecurityGroups/nsg-sndbx-mm-centralindia",
            "subnet_id": "/subscriptions/7700f392-dcd5-4c02-9432-76a162f3c6d6/resourceGroups/rg-sndbx-mm-centralindia/providers/Microsoft.Network/virtualNetworks/vn-sndbx-mm-centralindia/subnets/subnet-sndbx-mm-centralindia",
            "timeouts": null
          },
          "sensitive_attributes": [],
          "private": "eyJlMmJmYjczMC1lY2FhLTExZTYtOGY4OC0zNDM2M2JjN2M0YzAiOnsiY3JlYXRlIjoxODAwMDAwMDAwMDAwLCJkZWxldGUiOjE4MDAwMDAwMDAwMDAsInJlYWQiOjMwMDAwMDAwMDAwMCwidXBkYXRlIjoxODAwMDAwMDAwMDAwfX0=",
          "dependencies": [
            "azurerm_network_security_group.nsg-sndbx-mm-centralindia",
            "azurerm_resource_group.rg-sndbx-mm-centralindia",
            "azurerm_subnet.subnet-sndbx-mm-centralindia",
            "azurerm_virtual_network.vn-sndbx-mm-centralindia"
          ]
        }
      ]
    },
    {
      "mode": "managed",
      "type": "azurerm_virtual_network",
      "name": "vn-sndbx-mm-centralindia",
      "provider": "provider[\"registry.terraform.io/hashicorp/azurerm\"]",
      "instances": [
        {
          "schema_version": 0,
          "attributes": {
            "address_space": [
              "10.123.0.0/16"
            ],
            "bgp_community": "",
            "ddos_protection_plan": [],
            "dns_servers": [],
            "edge_zone": "",
            "flow_timeout_in_minutes": 0,
            "guid": "183284ac-34c0-453d-8188-8f4ae154b561",
            "id": "/subscriptions/7700f392-dcd5-4c02-9432-76a162f3c6d6/resourceGroups/rg-sndbx-mm-centralindia/providers/Microsoft.Network/virtualNetworks/vn-sndbx-mm-centralindia",
            "location": "centralindia",
            "name": "vn-sndbx-mm-centralindia",
            "resource_group_name": "rg-sndbx-mm-centralindia",
            "subnet": [
              {
                "address_prefix": "10.123.1.0/24",
                "id": "/subscriptions/7700f392-dcd5-4c02-9432-76a162f3c6d6/resourceGroups/rg-sndbx-mm-centralindia/providers/Microsoft.Network/virtualNetworks/vn-sndbx-mm-centralindia/subnets/subnet-sndbx-mm-centralindia",
                "name": "subnet-sndbx-mm-centralindia",
                "security_group": "/subscriptions/7700f392-dcd5-4c02-9432-76a162f3c6d6/resourceGroups/rg-sndbx-mm-centralindia/providers/Microsoft.Network/networkSecurityGroups/nsg-sndbx-mm-centralindia"
              }
            ],
            "tags": {
              "cleanup": "unknown",
              "enviornment": "hpsdev"
            },
            "timeouts": null
          },
          "sensitive_attributes": [],
          "private": "eyJlMmJmYjczMC1lY2FhLTExZTYtOGY4OC0zNDM2M2JjN2M0YzAiOnsiY3JlYXRlIjoxODAwMDAwMDAwMDAwLCJkZWxldGUiOjE4MDAwMDAwMDAwMDAsInJlYWQiOjMwMDAwMDAwMDAwMCwidXBkYXRlIjoxODAwMDAwMDAwMDAwfX0=",
          "dependencies": [
            "azurerm_resource_group.rg-sndbx-mm-centralindia"
          ]
        }
      ]
    }
  ],
  "check_results": null
}
